
Microsoft Visual Studio Solution File, Format Version 12.00
# Visual Studio Version 16
VisualStudioVersion = 16.6.30114.105
MinimumVisualStudioVersion = 10.0.40219.1
Project("{2150E333-8FDC-42A3-9474-1A3956D46DE8}") = "src", "src", "{0876DB05-9E48-4CD5-8A69-18FA0B1FD69A}"
EndProject
Project("{2150E333-8FDC-42A3-9474-1A3956D46DE8}") = "tests", "tests", "{3DF5174E-54D7-4B3D-8534-3B003A32FD7D}"
EndProject
Project("{2150E333-8FDC-42A3-9474-1A3956D46DE8}") = "Bootstrapper", "Bootstrapper", "{E617E377-1588-41DA-909C-E7FD970EE709}"
EndProject
Project("{FAE04EC0-301F-11D3-BF4B-00C04F79EFBC}") = "Finab.Bootstrapper", "src\Bootstrapper\Finab.Bootstrapper\Finab.Bootstrapper.csproj", "{0C7F02CE-CBA4-4A73-8C92-AD920F6A2F34}"
EndProject
Project("{2150E333-8FDC-42A3-9474-1A3956D46DE8}") = "Modules", "Modules", "{B4B64BAB-817F-4DB9-ADD8-E03D75D5E23A}"
EndProject
Project("{2150E333-8FDC-42A3-9474-1A3956D46DE8}") = "Shared", "Shared", "{E5C71799-D260-4D0A-A952-3105C41E20DB}"
EndProject
Project("{FAE04EC0-301F-11D3-BF4B-00C04F79EFBC}") = "Finab.Shared.Abstractions", "src\Shared\Finab.Shared.Abstractions\Finab.Shared.Abstractions.csproj", "{303F356C-3329-41D2-B1D2-812CEB036FEB}"
EndProject
Project("{FAE04EC0-301F-11D3-BF4B-00C04F79EFBC}") = "Finab.Shared.Infrastructure", "src\Shared\Finab.Shared.Infrastructure\Finab.Shared.Infrastructure.csproj", "{E7AA4F59-0813-4699-AFD6-30398CAAB982}"
EndProject
Project("{FAE04EC0-301F-11D3-BF4B-00C04F79EFBC}") = "Finab.Shared.Tests", "src\Shared\Finab.Shared.Tests\Finab.Shared.Tests.csproj", "{C732B0E1-D6F3-43EA-AE1C-2A5E0A634BE8}"
EndProject
Project("{FAE04EC0-301F-11D3-BF4B-00C04F79EFBC}") = "Finab.Shared.Kernel", "src\Shared\Finab.Shared.Kernel\Finab.Shared.Kernel.csproj", "{4410EBF0-4376-4F3A-841F-8977D5673799}"
EndProject
Global
	GlobalSection(SolutionConfigurationPlatforms) = preSolution
		Debug|Any CPU = Debug|Any CPU
		Debug|x64 = Debug|x64
		Debug|x86 = Debug|x86
		Release|Any CPU = Release|Any CPU
		Release|x64 = Release|x64
		Release|x86 = Release|x86
	EndGlobalSection
	GlobalSection(SolutionProperties) = preSolution
		HideSolutionNode = FALSE
	EndGlobalSection
	GlobalSection(NestedProjects) = preSolution
		{E617E377-1588-41DA-909C-E7FD970EE709} = {0876DB05-9E48-4CD5-8A69-18FA0B1FD69A}
		{0C7F02CE-CBA4-4A73-8C92-AD920F6A2F34} = {E617E377-1588-41DA-909C-E7FD970EE709}
		{B4B64BAB-817F-4DB9-ADD8-E03D75D5E23A} = {0876DB05-9E48-4CD5-8A69-18FA0B1FD69A}
		{E5C71799-D260-4D0A-A952-3105C41E20DB} = {0876DB05-9E48-4CD5-8A69-18FA0B1FD69A}
		{303F356C-3329-41D2-B1D2-812CEB036FEB} = {E5C71799-D260-4D0A-A952-3105C41E20DB}
		{E7AA4F59-0813-4699-AFD6-30398CAAB982} = {E5C71799-D260-4D0A-A952-3105C41E20DB}
		{C732B0E1-D6F3-43EA-AE1C-2A5E0A634BE8} = {E5C71799-D260-4D0A-A952-3105C41E20DB}
		{4410EBF0-4376-4F3A-841F-8977D5673799} = {E5C71799-D260-4D0A-A952-3105C41E20DB}
	EndGlobalSection
	GlobalSection(ProjectConfigurationPlatforms) = postSolution
		{0C7F02CE-CBA4-4A73-8C92-AD920F6A2F34}.Debug|Any CPU.ActiveCfg = Debug|Any CPU
		{0C7F02CE-CBA4-4A73-8C92-AD920F6A2F34}.Debug|Any CPU.Build.0 = Debug|Any CPU
		{0C7F02CE-CBA4-4A73-8C92-AD920F6A2F34}.Debug|x64.ActiveCfg = Debug|Any CPU
		{0C7F02CE-CBA4-4A73-8C92-AD920F6A2F34}.Debug|x64.Build.0 = Debug|Any CPU
		{0C7F02CE-CBA4-4A73-8C92-AD920F6A2F34}.Debug|x86.ActiveCfg = Debug|Any CPU
		{0C7F02CE-CBA4-4A73-8C92-AD920F6A2F34}.Debug|x86.Build.0 = Debug|Any CPU
		{0C7F02CE-CBA4-4A73-8C92-AD920F6A2F34}.Release|Any CPU.ActiveCfg = Release|Any CPU
		{0C7F02CE-CBA4-4A73-8C92-AD920F6A2F34}.Release|Any CPU.Build.0 = Release|Any CPU
		{0C7F02CE-CBA4-4A73-8C92-AD920F6A2F34}.Release|x64.ActiveCfg = Release|Any CPU
		{0C7F02CE-CBA4-4A73-8C92-AD920F6A2F34}.Release|x64.Build.0 = Release|Any CPU
		{0C7F02CE-CBA4-4A73-8C92-AD920F6A2F34}.Release|x86.ActiveCfg = Release|Any CPU
		{0C7F02CE-CBA4-4A73-8C92-AD920F6A2F34}.Release|x86.Build.0 = Release|Any CPU
		{303F356C-3329-41D2-B1D2-812CEB036FEB}.Debug|Any CPU.ActiveCfg = Debug|Any CPU
		{303F356C-3329-41D2-B1D2-812CEB036FEB}.Debug|Any CPU.Build.0 = Debug|Any CPU
		{303F356C-3329-41D2-B1D2-812CEB036FEB}.Debug|x64.ActiveCfg = Debug|Any CPU
		{303F356C-3329-41D2-B1D2-812CEB036FEB}.Debug|x64.Build.0 = Debug|Any CPU
		{303F356C-3329-41D2-B1D2-812CEB036FEB}.Debug|x86.ActiveCfg = Debug|Any CPU
		{303F356C-3329-41D2-B1D2-812CEB036FEB}.Debug|x86.Build.0 = Debug|Any CPU
		{303F356C-3329-41D2-B1D2-812CEB036FEB}.Release|Any CPU.ActiveCfg = Release|Any CPU
		{303F356C-3329-41D2-B1D2-812CEB036FEB}.Release|Any CPU.Build.0 = Release|Any CPU
		{303F356C-3329-41D2-B1D2-812CEB036FEB}.Release|x64.ActiveCfg = Release|Any CPU
		{303F356C-3329-41D2-B1D2-812CEB036FEB}.Release|x64.Build.0 = Release|Any CPU
		{303F356C-3329-41D2-B1D2-812CEB036FEB}.Release|x86.ActiveCfg = Release|Any CPU
		{303F356C-3329-41D2-B1D2-812CEB036FEB}.Release|x86.Build.0 = Release|Any CPU
		{E7AA4F59-0813-4699-AFD6-30398CAAB982}.Debug|Any CPU.ActiveCfg = Debug|Any CPU
		{E7AA4F59-0813-4699-AFD6-30398CAAB982}.Debug|Any CPU.Build.0 = Debug|Any CPU
		{E7AA4F59-0813-4699-AFD6-30398CAAB982}.Debug|x64.ActiveCfg = Debug|Any CPU
		{E7AA4F59-0813-4699-AFD6-30398CAAB982}.Debug|x64.Build.0 = Debug|Any CPU
		{E7AA4F59-0813-4699-AFD6-30398CAAB982}.Debug|x86.ActiveCfg = Debug|Any CPU
		{E7AA4F59-0813-4699-AFD6-30398CAAB982}.Debug|x86.Build.0 = Debug|Any CPU
		{E7AA4F59-0813-4699-AFD6-30398CAAB982}.Release|Any CPU.ActiveCfg = Release|Any CPU
		{E7AA4F59-0813-4699-AFD6-30398CAAB982}.Release|Any CPU.Build.0 = Release|Any CPU
		{E7AA4F59-0813-4699-AFD6-30398CAAB982}.Release|x64.ActiveCfg = Release|Any CPU
		{E7AA4F59-0813-4699-AFD6-30398CAAB982}.Release|x64.Build.0 = Release|Any CPU
		{E7AA4F59-0813-4699-AFD6-30398CAAB982}.Release|x86.ActiveCfg = Release|Any CPU
		{E7AA4F59-0813-4699-AFD6-30398CAAB982}.Release|x86.Build.0 = Release|Any CPU
		{C732B0E1-D6F3-43EA-AE1C-2A5E0A634BE8}.Debug|Any CPU.ActiveCfg = Debug|Any CPU
		{C732B0E1-D6F3-43EA-AE1C-2A5E0A634BE8}.Debug|Any CPU.Build.0 = Debug|Any CPU
		{C732B0E1-D6F3-43EA-AE1C-2A5E0A634BE8}.Debug|x64.ActiveCfg = Debug|Any CPU
		{C732B0E1-D6F3-43EA-AE1C-2A5E0A634BE8}.Debug|x64.Build.0 = Debug|Any CPU
		{C732B0E1-D6F3-43EA-AE1C-2A5E0A634BE8}.Debug|x86.ActiveCfg = Debug|Any CPU
		{C732B0E1-D6F3-43EA-AE1C-2A5E0A634BE8}.Debug|x86.Build.0 = Debug|Any CPU
		{C732B0E1-D6F3-43EA-AE1C-2A5E0A634BE8}.Release|Any CPU.ActiveCfg = Release|Any CPU
		{C732B0E1-D6F3-43EA-AE1C-2A5E0A634BE8}.Release|Any CPU.Build.0 = Release|Any CPU
		{C732B0E1-D6F3-43EA-AE1C-2A5E0A634BE8}.Release|x64.ActiveCfg = Release|Any CPU
		{C732B0E1-D6F3-43EA-AE1C-2A5E0A634BE8}.Release|x64.Build.0 = Release|Any CPU
		{C732B0E1-D6F3-43EA-AE1C-2A5E0A634BE8}.Release|x86.ActiveCfg = Release|Any CPU
		{C732B0E1-D6F3-43EA-AE1C-2A5E0A634BE8}.Release|x86.Build.0 = Release|Any CPU
		{4410EBF0-4376-4F3A-841F-8977D5673799}.Debug|Any CPU.ActiveCfg = Debug|Any CPU
		{4410EBF0-4376-4F3A-841F-8977D5673799}.Debug|Any CPU.Build.0 = Debug|Any CPU
		{4410EBF0-4376-4F3A-841F-8977D5673799}.Debug|x64.ActiveCfg = Debug|Any CPU
		{4410EBF0-4376-4F3A-841F-8977D5673799}.Debug|x64.Build.0 = Debug|Any CPU
		{4410EBF0-4376-4F3A-841F-8977D5673799}.Debug|x86.ActiveCfg = Debug|Any CPU
		{4410EBF0-4376-4F3A-841F-8977D5673799}.Debug|x86.Build.0 = Debug|Any CPU
		{4410EBF0-4376-4F3A-841F-8977D5673799}.Release|Any CPU.ActiveCfg = Release|Any CPU
		{4410EBF0-4376-4F3A-841F-8977D5673799}.Release|Any CPU.Build.0 = Release|Any CPU
		{4410EBF0-4376-4F3A-841F-8977D5673799}.Release|x64.ActiveCfg = Release|Any CPU
		{4410EBF0-4376-4F3A-841F-8977D5673799}.Release|x64.Build.0 = Release|Any CPU
		{4410EBF0-4376-4F3A-841F-8977D5673799}.Release|x86.ActiveCfg = Release|Any CPU
		{4410EBF0-4376-4F3A-841F-8977D5673799}.Release|x86.Build.0 = Release|Any CPU
	EndGlobalSection
EndGlobal
